// !$*UTF8*$!
{
	archiveVersion = 1;
	classes = {
	};
	objectVersion = 77;
	objects = {

/* Begin PBXBuildFile section */
		0C8A1A8CCBF99A55FFCC9E75 /* ConfigView.swift in Sources */ = {isa = PBXBuildFile; fileRef = 17B6167123A77140A8416478 /* ConfigView.swift */; };
		275517646EB3A11CF0EB0917 /* LaunchScreen.storyboard in Resources */ = {isa = PBXBuildFile; fileRef = EC8801DFD62475C35E32F1F2 /* LaunchScreen.storyboard */; };
		44CDAD052031D99FC84FBF20 /* Assets.xcassets in Resources */ = {isa = PBXBuildFile; fileRef = 39C5CC1EBAB73C1BFCDDA171 /* Assets.xcassets */; };
		6C93DAD5E946A3A9C3363922 /* Theme.swift in Sources */ = {isa = PBXBuildFile; fileRef = B23D0AF4ACE05C15DEFA2BB4 /* Theme.swift */; };
		BB2804A1FB6705FB6DC03085 /* BLEManager.swift in Sources */ = {isa = PBXBuildFile; fileRef = 46ABEC9C6AF332D8A0057E0A /* BLEManager.swift */; };
		D2CAF8A8E999091D114AE837 /* ScanView.swift in Sources */ = {isa = PBXBuildFile; fileRef = 80C75AA5E41E74397887458B /* ScanView.swift */; };
		D73FD3B5F33125B509480199 /* GlassAnimationView.swift in Sources */ = {isa = PBXBuildFile; fileRef = 84D1F4A809CC33E2FAAC9497 /* GlassAnimationView.swift */; };
		DAFEBC827E77F835CF75F250 /* ImageProcessor.swift in Sources */ = {isa = PBXBuildFile; fileRef = AC09AC31F29B7C4403271380 /* ImageProcessor.swift */; };
		DF2FC75183CCB8BB4EBB2475 /* SodaMachineApp.swift in Sources */ = {isa = PBXBuildFile; fileRef = 46497A459A6F4FDF03D0CBD9 /* SodaMachineApp.swift */; };
		EDF5F2B34A2F803B7CDA24F7 /* ImageManagerView.swift in Sources */ = {isa = PBXBuildFile; fileRef = 823F86F06E4DF6A375CF19B8 /* ImageManagerView.swift */; };
/* End PBXBuildFile section */

/* Begin PBXFileReference section */
		17B6167123A77140A8416478 /* ConfigView.swift */ = {isa = PBXFileReference; lastKnownFileType = sourcecode.swift; path = ConfigView.swift; sourceTree = "<group>"; };
		39C5CC1EBAB73C1BFCDDA171 /* Assets.xcassets */ = {isa = PBXFileReference; lastKnownFileType = folder.assetcatalog; path = Assets.xcassets; sourceTree = "<group>"; };
		46497A459A6F4FDF03D0CBD9 /* SodaMachineApp.swift */ = {isa = PBXFileReference; lastKnownFileType = sourcecode.swift; path = SodaMachineApp.swift; sourceTree = "<group>"; };
		46ABEC9C6AF332D8A0057E0A /* BLEManager.swift */ = {isa = PBXFileReference; lastKnownFileType = sourcecode.swift; path = BLEManager.swift; sourceTree = "<group>"; };
		80C75AA5E41E74397887458B /* ScanView.swift */ = {isa = PBXFileReference; lastKnownFileType = sourcecode.swift; path = ScanView.swift; sourceTree = "<group>"; };
		823F86F06E4DF6A375CF19B8 /* ImageManagerView.swift */ = {isa = PBXFileReference; lastKnownFileType = sourcecode.swift; path = ImageManagerView.swift; sourceTree = "<group>"; };
		84D1F4A809CC33E2FAAC9497 /* GlassAnimationView.swift */ = {isa = PBXFileReference; lastKnownFileType = sourcecode.swift; path = GlassAnimationView.swift; sourceTree = "<group>"; };
		AC09AC31F29B7C4403271380 /* ImageProcessor.swift */ = {isa = PBXFileReference; lastKnownFileType = sourcecode.swift; path = ImageProcessor.swift; sourceTree = "<group>"; };
		B23D0AF4ACE05C15DEFA2BB4 /* Theme.swift */ = {isa = PBXFileReference; lastKnownFileType = sourcecode.swift; path = Theme.swift; sourceTree = "<group>"; };
		D850BAB13F260C2F94CF2FC7 /* SodaMachine.app */ = {isa = PBXFileReference; includeInIndex = 0; lastKnownFileType = wrapper.application; path = SodaMachine.app; sourceTree = BUILT_PRODUCTS_DIR; };
		EC8801DFD62475C35E32F1F2 /* LaunchScreen.storyboard */ = {isa = PBXFileReference; lastKnownFileType = file.storyboard; path = LaunchScreen.storyboard; sourceTree = "<group>"; };
/* End PBXFileReference section */

/* Begin PBXGroup section */
		1F0E6B6FBCFABF1315CBC80A /* BLE */ = {
			isa = PBXGroup;
			children = (
				46ABEC9C6AF332D8A0057E0A /* BLEManager.swift */,
			);
			path = BLE;
			sourceTree = "<group>";
		};
		98BA2E05786566A4B329BD58 /* SodaMachine */ = {
			isa = PBXGroup;
			children = (
				39C5CC1EBAB73C1BFCDDA171 /* Assets.xcassets */,
				EC8801DFD62475C35E32F1F2 /* LaunchScreen.storyboard */,
				46497A459A6F4FDF03D0CBD9 /* SodaMachineApp.swift */,
				B23D0AF4ACE05C15DEFA2BB4 /* Theme.swift */,
				1F0E6B6FBCFABF1315CBC80A /* BLE */,
				D08E73A0272685651A0C2E07 /* Utilities */,
				F89A3B87FAD7340B3B25C49B /* Views */,
			);
			path = SodaMachine;
			sourceTree = "<group>";
		};
		D08E73A0272685651A0C2E07 /* Utilities */ = {
			isa = PBXGroup;
			children = (
				AC09AC31F29B7C4403271380 /* ImageProcessor.swift */,
			);
			path = Utilities;
			sourceTree = "<group>";
		};
		E1E31EDCE909B4134FDF1201 /* Products */ = {
			isa = PBXGroup;
			children = (
				D850BAB13F260C2F94CF2FC7 /* SodaMachine.app */,
			);
			name = Products;
			sourceTree = "<group>";
		};
		E81B085B075B7B26289EA9DD = {
			isa = PBXGroup;
			children = (
				98BA2E05786566A4B329BD58 /* SodaMachine */,
				E1E31EDCE909B4134FDF1201 /* Products */,
			);
			sourceTree = "<group>";
		};
		F89A3B87FAD7340B3B25C49B /* Views */ = {
			isa = PBXGroup;
			children = (
				17B6167123A77140A8416478 /* ConfigView.swift */,
				84D1F4A809CC33E2FAAC9497 /* GlassAnimationView.swift */,
				823F86F06E4DF6A375CF19B8 /* ImageManagerView.swift */,
				80C75AA5E41E74397887458B /* ScanView.swift */,
			);
			path = Views;
			sourceTree = "<group>";
		};
/* End PBXGroup section */

/* Begin PBXNativeTarget section */
		F47F7C71FD1F1218ACA0AA22 /* SodaMachine */ = {
			isa = PBXNativeTarget;
			buildConfigurationList = 640E7B7F898A687B08CDAE57 /* Build configuration list for PBXNativeTarget "SodaMachine" */;
			buildPhases = (
				D63131ED3C88A3042644AD52 /* Sources */,
				48B184C21B8979B4B80FFB5F /* Resources */,
			);
			buildRules = (
			);
			dependencies = (
			);
			name = SodaMachine;
			packageProductDependencies = (
			);
			productName = SodaMachine;
			productReference = D850BAB13F260C2F94CF2FC7 /* SodaMachine.app */;
			productType = "com.apple.product-type.application";
		};
/* End PBXNativeTarget section */

/* Begin PBXProject section */
		00C33D449A0168717CE1B80E /* Project object */ = {
			isa = PBXProject;
			attributes = {
				BuildIndependentTargetsInParallel = YES;
				LastUpgradeCheck = 1600;
				TargetAttributes = {
				};
			};
			buildConfigurationList = 89245DF27228688A9038A1C7 /* Build configuration list for PBXProject "SodaMachine" */;
			developmentRegion = en;
			hasScannedForEncodings = 0;
			knownRegions = (
				Base,
				en,
			);
			mainGroup = E81B085B075B7B26289EA9DD;
			minimizedProjectReferenceProxies = 1;
			preferredProjectObjectVersion = 77;
			productRefGroup = E1E31EDCE909B4134FDF1201 /* Products */;
			projectDirPath = "";
			projectRoot = "";
			targets = (
				F47F7C71FD1F1218ACA0AA22 /* SodaMachine */,
			);
		};
/* End PBXProject section */

/* Begin PBXResourcesBuildPhase section */
		48B184C21B8979B4B80FFB5F /* Resources */ = {
			isa = PBXResourcesBuildPhase;
			buildActionMask = 2147483647;
			files = (
				44CDAD052031D99FC84FBF20 /* Assets.xcassets in Resources */,
				275517646EB3A11CF0EB0917 /* LaunchScreen.storyboard in Resources */,
			);
			runOnlyForDeploymentPostprocessing = 0;
		};
/* End PBXResourcesBuildPhase section */

/* Begin PBXSourcesBuildPhase section */
		D63131ED3C88A3042644AD52 /* Sources */ = {
			isa = PBXSourcesBuildPhase;
			buildActionMask = 2147483647;
			files = (
				BB2804A1FB6705FB6DC03085 /* BLEManager.swift in Sources */,
				0C8A1A8CCBF99A55FFCC9E75 /* ConfigView.swift in Sources */,
				D73FD3B5F33125B509480199 /* GlassAnimationView.swift in Sources */,
				EDF5F2B34A2F803B7CDA24F7 /* ImageManagerView.swift in Sources */,
				DAFEBC827E77F835CF75F250 /* ImageProcessor.swift in Sources */,
				D2CAF8A8E999091D114AE837 /* ScanView.swift in Sources */,
				DF2FC75183CCB8BB4EBB2475 /* SodaMachineApp.swift in Sources */,
				6C93DAD5E946A3A9C3363922 /* Theme.swift in Sources */,
			);
			runOnlyForDeploymentPostprocessing = 0;
		};
/* End PBXSourcesBuildPhase section */

/* Begin XCBuildConfiguration section */
		3EAB44956470F4FAFB6BA5C5 /* Debug */ = {
			isa = XCBuildConfiguration;
			buildSettings = {
				ALWAYS_SEARCH_USER_PATHS = NO;
				CLANG_ANALYZER_NONNULL = YES;
				CLANG_ANALYZER_NUMBER_OBJECT_CONVERSION = YES_AGGRESSIVE;
				CLANG_CXX_LANGUAGE_STANDARD = "gnu++14";
				CLANG_CXX_LIBRARY = "libc++";
				CLANG_ENABLE_MODULES = YES;
				CLANG_ENABLE_OBJC_ARC = YES;
				CLANG_ENABLE_OBJC_WEAK = YES;
				CLANG_WARN_BLOCK_CAPTURE_AUTORELEASING = YES;
				CLANG_WARN_BOOL_CONVERSION = YES;
				CLANG_WARN_COMMA = YES;
				CLANG_WARN_CONSTANT_CONVERSION = YES;
				CLANG_WARN_DEPRECATED_OBJC_IMPLEMENTATIONS = YES;
				CLANG_WARN_DIRECT_OBJC_ISA_USAGE = YES_ERROR;
				CLANG_WARN_DOCUMENTATION_COMMENTS = YES;
				CLANG_WARN_EMPTY_BODY = YES;
				CLANG_WARN_ENUM_CONVERSION = YES;
				CLANG_WARN_INFINITE_RECURSION = YES;
				CLANG_WARN_INT_CONVERSION = YES;
				CLANG_WARN_NON_LITERAL_NULL_CONVERSION = YES;
				CLANG_WARN_OBJC_IMPLICIT_RETAIN_SELF = YES;
				CLANG_WARN_OBJC_LITERAL_CONVERSION = YES;
				CLANG_WARN_OBJC_ROOT_CLASS = YES_ERROR;
				CLANG_WARN_QUOTED_INCLUDE_IN_FRAMEWORK_HEADER = YES;
				CLANG_WARN_RANGE_LOOP_ANALYSIS = YES;
				CLANG_WARN_STRICT_PROTOTYPES = YES;
				CLANG_WARN_SUSPICIOUS_MOVE = YES;
				CLANG_WARN_UNGUARDED_AVAILABILITY = YES_AGGRESSIVE;
				CLANG_WARN_UNREACHABLE_CODE = YES;
				CLANG_WARN__DUPLICATE_METHOD_MATCH = YES;
				COPY_PHASE_STRIP = NO;
				DEBUG_INFORMATION_FORMAT = dwarf;
				ENABLE_STRICT_OBJC_MSGSEND = YES;
				ENABLE_TESTABILITY = YES;
				GCC_C_LANGUAGE_STANDARD = gnu11;
				GCC_DYNAMIC_NO_PIC = NO;
				GCC_NO_COMMON_BLOCKS = YES;
				GCC_OPTIMIZATION_LEVEL = 0;
				GCC_PREPROCESSOR_DEFINITIONS = (
					"$(inherited)",
					"DEBUG=1",
				);
				GCC_WARN_64_TO_32_BIT_CONVERSION = YES;
				GCC_WARN_ABOUT_RETURN_TYPE = YES_ERROR;
				GCC_WARN_UNDECLARED_SELECTOR = YES;
				GCC_WARN_UNINITIALIZED_AUTOS = YES_AGGRESSIVE;
				GCC_WARN_UNUSED_FUNCTION = YES;
				GCC_WARN_UNUSED_VARIABLE = YES;
				IPHONEOS_DEPLOYMENT_TARGET = 17.0;
				MTL_ENABLE_DEBUG_INFO = INCLUDE_SOURCE;
				MTL_FAST_MATH = YES;
				ONLY_ACTIVE_ARCH = YES;
				PRODUCT_NAME = "$(TARGET_NAME)";
				SDKROOT = iphoneos;
				SWIFT_ACTIVE_COMPILATION_CONDITIONS = DEBUG;
				SWIFT_OPTIMIZATION_LEVEL = "-Onone";
				SWIFT_VERSION = 5.0;
			};
			name = Debug;
		};
		96926C1DA0A7999AAF141360 /* Release */ = {
			isa = XCBuildConfiguration;
			buildSettings = {
				ASSETCATALOG_COMPILER_APPICON_NAME = AppIcon;
				CODE_SIGN_IDENTITY = "iPhone Developer";
				CURRENT_PROJECT_VERSION = 1;
				GENERATE_INFOPLIST_FILE = YES;
				INFOPLIST_KEY_CFBundleDisplayName = "Soda Machine";
				INFOPLIST_KEY_NSBluetoothAlwaysUsageDescription = "SodaMachine uses Bluetooth to connect to your soda machine for configuration and image uploads.";
				INFOPLIST_KEY_UILaunchStoryboardName = LaunchScreen;
				INFOPLIST_KEY_UISupportedInterfaceOrientations = (
					UIInterfaceOrientationPortrait,
					UIInterfaceOrientationLandscapeLeft,
					UIInterfaceOrientationLandscapeRight,
				);
				INFOPLIST_KEY_UISupportedInterfaceOrientations_iPad = (
					UIInterfaceOrientationPortrait,
					UIInterfaceOrientationPortraitUpsideDown,
					UIInterfaceOrientationLandscapeLeft,
					UIInterfaceOrientationLandscapeRight,
				);
				LD_RUNPATH_SEARCH_PATHS = (
					"$(inherited)",
					"@executable_path/Frameworks",
				);
				MARKETING_VERSION = 1.0.0;
				PRODUCT_BUNDLE_IDENTIFIER = com.derekbreden.SodaMachine;
				SDKROOT = iphoneos;
				SWIFT_VERSION = 5.0;
				TARGETED_DEVICE_FAMILY = "1,2";
			};
			name = Release;
		};
		A8C909792C0D080169A79839 /* Release */ = {
			isa = XCBuildConfiguration;
			buildSettings = {
				ALWAYS_SEARCH_USER_PATHS = NO;
				CLANG_ANALYZER_NONNULL = YES;
				CLANG_ANALYZER_NUMBER_OBJECT_CONVERSION = YES_AGGRESSIVE;
				CLANG_CXX_LANGUAGE_STANDARD = "gnu++14";
				CLANG_CXX_LIBRARY = "libc++";
				CLANG_ENABLE_MODULES = YES;
				CLANG_ENABLE_OBJC_ARC = YES;
				CLANG_ENABLE_OBJC_WEAK = YES;
				CLANG_WARN_BLOCK_CAPTURE_AUTORELEASING = YES;
				CLANG_WARN_BOOL_CONVERSION = YES;
				CLANG_WARN_COMMA = YES;
				CLANG_WARN_CONSTANT_CONVERSION = YES;
				CLANG_WARN_DEPRECATED_OBJC_IMPLEMENTATIONS = YES;
				CLANG_WARN_DIRECT_OBJC_ISA_USAGE = YES_ERROR;
				CLANG_WARN_DOCUMENTATION_COMMENTS = YES;
				CLANG_WARN_EMPTY_BODY = YES;
				CLANG_WARN_ENUM_CONVERSION = YES;
				CLANG_WARN_INFINITE_RECURSION = YES;
				CLANG_WARN_INT_CONVERSION = YES;
				CLANG_WARN_NON_LITERAL_NULL_CONVERSION = YES;
				CLANG_WARN_OBJC_IMPLICIT_RETAIN_SELF = YES;
				CLANG_WARN_OBJC_LITERAL_CONVERSION = YES;
				CLANG_WARN_OBJC_ROOT_CLASS = YES_ERROR;
				CLANG_WARN_QUOTED_INCLUDE_IN_FRAMEWORK_HEADER = YES;
				CLANG_WARN_RANGE_LOOP_ANALYSIS = YES;
				CLANG_WARN_STRICT_PROTOTYPES = YES;
				CLANG_WARN_SUSPICIOUS_MOVE = YES;
				CLANG_WARN_UNGUARDED_AVAILABILITY = YES_AGGRESSIVE;
				CLANG_WARN_UNREACHABLE_CODE = YES;
				CLANG_WARN__DUPLICATE_METHOD_MATCH = YES;
				COPY_PHASE_STRIP = NO;
				DEBUG_INFORMATION_FORMAT = "dwarf-with-dsym";
				ENABLE_NS_ASSERTIONS = NO;
				ENABLE_STRICT_OBJC_MSGSEND = YES;
				GCC_C_LANGUAGE_STANDARD = gnu11;
				GCC_NO_COMMON_BLOCKS = YES;
				GCC_WARN_64_TO_32_BIT_CONVERSION = YES;
				GCC_WARN_ABOUT_RETURN_TYPE = YES_ERROR;
				GCC_WARN_UNDECLARED_SELECTOR = YES;
				GCC_WARN_UNINITIALIZED_AUTOS = YES_AGGRESSIVE;
				GCC_WARN_UNUSED_FUNCTION = YES;
				GCC_WARN_UNUSED_VARIABLE = YES;
				IPHONEOS_DEPLOYMENT_TARGET = 17.0;
				MTL_ENABLE_DEBUG_INFO = NO;
				MTL_FAST_MATH = YES;
				PRODUCT_NAME = "$(TARGET_NAME)";
				SDKROOT = iphoneos;
				SWIFT_COMPILATION_MODE = wholemodule;
				SWIFT_OPTIMIZATION_LEVEL = "-O";
				SWIFT_VERSION = 5.0;
			};
			name = Release;
		};
		D8E7CA5C9274594E100874E4 /* Debug */ = {
			isa = XCBuildConfiguration;
			buildSettings = {
				ASSETCATALOG_COMPILER_APPICON_NAME = AppIcon;
				CODE_SIGN_IDENTITY = "iPhone Developer";
				CURRENT_PROJECT_VERSION = 1;
				GENERATE_INFOPLIST_FILE = YES;
				INFOPLIST_KEY_CFBundleDisplayName = "Soda Machine";
				INFOPLIST_KEY_NSBluetoothAlwaysUsageDescription = "SodaMachine uses Bluetooth to connect to your soda machine for configuration and image uploads.";
				INFOPLIST_KEY_UILaunchStoryboardName = LaunchScreen;
				INFOPLIST_KEY_UISupportedInterfaceOrientations = (
					UIInterfaceOrientationPortrait,
					UIInterfaceOrientationLandscapeLeft,
					UIInterfaceOrientationLandscapeRight,
				);
				INFOPLIST_KEY_UISupportedInterfaceOrientations_iPad = (
					UIInterfaceOrientationPortrait,
					UIInterfaceOrientationPortraitUpsideDown,
					UIInterfaceOrientationLandscapeLeft,
					UIInterfaceOrientationLandscapeRight,
				);
				LD_RUNPATH_SEARCH_PATHS = (
					"$(inherited)",
					"@executable_path/Frameworks",
				);
				MARKETING_VERSION = 1.0.0;
				PRODUCT_BUNDLE_IDENTIFIER = com.derekbreden.SodaMachine;
				SDKROOT = iphoneos;
				SWIFT_VERSION = 5.0;
				TARGETED_DEVICE_FAMILY = "1,2";
			};
			name = Debug;
		};
/* End XCBuildConfiguration section */

/* Begin XCConfigurationList section */
		640E7B7F898A687B08CDAE57 /* Build configuration list for PBXNativeTarget "SodaMachine" */ = {
			isa = XCConfigurationList;
			buildConfigurations = (
				D8E7CA5C9274594E100874E4 /* Debug */,
				96926C1DA0A7999AAF141360 /* Release */,
			);
			defaultConfigurationIsVisible = 0;
			defaultConfigurationName = Debug;
		};
		89245DF27228688A9038A1C7 /* Build configuration list for PBXProject "SodaMachine" */ = {
			isa = XCConfigurationList;
			buildConfigurations = (
				3EAB44956470F4FAFB6BA5C5 /* Debug */,
				A8C909792C0D080169A79839 /* Release */,
			);
			defaultConfigurationIsVisible = 0;
			defaultConfigurationName = Debug;
		};
/* End XCConfigurationList section */
	};
	rootObject = 00C33D449A0168717CE1B80E /* Project object */;
}
